
Microsoft Visual Studio Solution File, Format Version 12.00
# Visual Studio Version 16
VisualStudioVersion = 16.0.31025.194
MinimumVisualStudioVersion = 10.0.40219.1
Project("{FAE04EC0-301F-11D3-BF4B-00C04F79EFBC}") = "OdeToFood.Web", "OdeToFood.Web\OdeToFood.Web.csproj", "{56EE7AB9-E598-404F-9BC6-07E14FA71887}"
EndProject
Project("{FAE04EC0-301F-11D3-BF4B-00C04F79EFBC}") = "OdeToFood.Data", "OdeToFood.Data\OdeToFood.Data.csproj", "{4E78CC7A-0620-41EF-BFA5-250491666C70}"
EndProject
Global
	GlobalSection(SolutionConfigurationPlatforms) = preSolution
		Debug|Any CPU = Debug|Any CPU
		Release|Any CPU = Release|Any CPU
	EndGlobalSection
	GlobalSection(ProjectConfigurationPlatforms) = postSolution
		{56EE7AB9-E598-404F-9BC6-07E14FA71887}.Debug|Any CPU.ActiveCfg = Debug|Any CPU
		{56EE7AB9-E598-404F-9BC6-07E14FA71887}.Debug|Any CPU.Build.0 = Debug|Any CPU
		{56EE7AB9-E598-404F-9BC6-07E14FA71887}.Release|Any CPU.ActiveCfg = Release|Any CPU
		{56EE7AB9-E598-404F-9BC6-07E14FA71887}.Release|Any CPU.Build.0 = Release|Any CPU
		{4E78CC7A-0620-41EF-BFA5-250491666C70}.Debug|Any CPU.ActiveCfg = Debug|Any CPU
		{4E78CC7A-0620-41EF-BFA5-250491666C70}.Debug|Any CPU.Build.0 = Debug|Any CPU
		{4E78CC7A-0620-41EF-BFA5-250491666C70}.Release|Any CPU.ActiveCfg = Release|Any CPU
		{4E78CC7A-0620-41EF-BFA5-250491666C70}.Release|Any CPU.Build.0 = Release|Any CPU
	EndGlobalSection
	GlobalSection(SolutionProperties) = preSolution
		HideSolutionNode = FALSE
	EndGlobalSection
	GlobalSection(ExtensibilityGlobals) = postSolution
		SolutionGuid = {DFD10E99-BE91-4C0C-A934-3D830C64F535}
	EndGlobalSection
EndGlobal
